{
	"name": "@tldraw/monorepo",
	"version": "0.0.0",
	"lockfileVersion": 1,
	"requires": true,
	"dependencies": {
		"@babel/runtime": {
			"version": "7.22.6",
			"resolved": "https://registry.npmjs.org/@babel/runtime/-/runtime-7.22.6.tgz",
			"integrity": "sha512-wDb5pWm4WDdF6LFUde3Jl8WzPA+3ZbxYqkC6xAXuD3irdEHN1k0NfTRrJD8ZD378SJ61miMLCqIOXYhd8x+AJQ==",
			"requires": {
				"regenerator-runtime": "^0.13.11"
			}
		},
		"@floating-ui/core": {
			"version": "1.3.1",
			"resolved": "https://registry.npmjs.org/@floating-ui/core/-/core-1.3.1.tgz",
			"integrity": "sha512-Bu+AMaXNjrpjh41znzHqaz3r2Nr8hHuHZT6V2LBKMhyMl0FgKA62PNYbqnfgmzOhoWZj70Zecisbo4H1rotP5g=="
		},
		"@floating-ui/dom": {
			"version": "1.4.3",
			"resolved": "https://registry.npmjs.org/@floating-ui/dom/-/dom-1.4.3.tgz",
			"integrity": "sha512-nB/68NyaQlcdY22L+Fgd1HERQ7UGv7XFN+tPxwrEfQL4nKtAP/jIZnZtpUlXbtV+VEGHh6W/63Gy2C5biWI3sA==",
			"requires": {
				"@floating-ui/core": "^1.3.1"
			}
		},
		"@floating-ui/react-dom": {
			"version": "2.0.1",
			"resolved": "https://registry.npmjs.org/@floating-ui/react-dom/-/react-dom-2.0.1.tgz",
			"integrity": "sha512-rZtAmSht4Lry6gdhAJDrCp/6rKN7++JnL1/Anbr/DdeyYXQPxvg/ivrbYvJulbRf4vL8b212suwMM2lxbv+RQA==",
			"requires": {
				"@floating-ui/dom": "^1.3.0"
			}
		},
		"@radix-ui/number": {
			"version": "1.0.1",
			"resolved": "https://registry.npmjs.org/@radix-ui/number/-/number-1.0.1.tgz",
			"integrity": "sha512-T5gIdVO2mmPW3NNhjNgEP3cqMXjXL9UbO0BzWcXfvdBs+BohbQxvd/K5hSVKmn9/lbTdsQVKbUcP5WLCwvUbBg==",
			"requires": {
				"@babel/runtime": "^7.13.10"
			}
		},
		"@radix-ui/primitive": {
			"version": "1.0.1",
			"resolved": "https://registry.npmjs.org/@radix-ui/primitive/-/primitive-1.0.1.tgz",
			"integrity": "sha512-yQ8oGX2GVsEYMWGxcovu1uGWPCxV5BFfeeYxqPmuAzUyLT9qmaMXSAhXpb0WrspIeqYzdJpkh2vHModJPgRIaw==",
			"requires": {
				"@babel/runtime": "^7.13.10"
			}
		},
		"@radix-ui/react-alert-dialog": {
			"version": "1.0.4",
			"resolved": "https://registry.npmjs.org/@radix-ui/react-alert-dialog/-/react-alert-dialog-1.0.4.tgz",
			"integrity": "sha512-jbfBCRlKYlhbitueOAv7z74PXYeIQmWpKwm3jllsdkw7fGWNkxqP3v0nY9WmOzcPqpQuoorNtvViBgL46n5gVg==",
			"requires": {
				"@babel/runtime": "^7.13.10",
				"@radix-ui/primitive": "1.0.1",
				"@radix-ui/react-compose-refs": "1.0.1",
				"@radix-ui/react-context": "1.0.1",
				"@radix-ui/react-dialog": "1.0.4",
				"@radix-ui/react-primitive": "1.0.3",
				"@radix-ui/react-slot": "1.0.2"
			}
		},
		"@radix-ui/react-arrow": {
			"version": "1.0.3",
			"resolved": "https://registry.npmjs.org/@radix-ui/react-arrow/-/react-arrow-1.0.3.tgz",
			"integrity": "sha512-wSP+pHsB/jQRaL6voubsQ/ZlrGBHHrOjmBnr19hxYgtS0WvAFwZhK2WP/YY5yF9uKECCEEDGxuLxq1NBK51wFA==",
			"requires": {
				"@babel/runtime": "^7.13.10",
				"@radix-ui/react-primitive": "1.0.3"
			}
		},
		"@radix-ui/react-collection": {
			"version": "1.0.3",
			"resolved": "https://registry.npmjs.org/@radix-ui/react-collection/-/react-collection-1.0.3.tgz",
			"integrity": "sha512-3SzW+0PW7yBBoQlT8wNcGtaxaD0XSu0uLUFgrtHY08Acx05TaHaOmVLR73c0j/cqpDy53KBMO7s0dx2wmOIDIA==",
			"requires": {
				"@babel/runtime": "^7.13.10",
				"@radix-ui/react-compose-refs": "1.0.1",
				"@radix-ui/react-context": "1.0.1",
				"@radix-ui/react-primitive": "1.0.3",
				"@radix-ui/react-slot": "1.0.2"
			}
		},
		"@radix-ui/react-compose-refs": {
			"version": "1.0.1",
			"resolved": "https://registry.npmjs.org/@radix-ui/react-compose-refs/-/react-compose-refs-1.0.1.tgz",
			"integrity": "sha512-fDSBgd44FKHa1FRMU59qBMPFcl2PZE+2nmqunj+BWFyYYjnhIDWL2ItDs3rrbJDQOtzt5nIebLCQc4QRfz6LJw==",
			"requires": {
				"@babel/runtime": "^7.13.10"
			}
		},
		"@radix-ui/react-context": {
			"version": "1.0.1",
			"resolved": "https://registry.npmjs.org/@radix-ui/react-context/-/react-context-1.0.1.tgz",
			"integrity": "sha512-ebbrdFoYTcuZ0v4wG5tedGnp9tzcV8awzsxYph7gXUyvnNLuTIcCk1q17JEbnVhXAKG9oX3KtchwiMIAYp9NLg==",
			"requires": {
				"@babel/runtime": "^7.13.10"
			}
		},
		"@radix-ui/react-context-menu": {
			"version": "2.1.4",
			"resolved": "https://registry.npmjs.org/@radix-ui/react-context-menu/-/react-context-menu-2.1.4.tgz",
			"integrity": "sha512-HVHLUtZOBiR2Fh5l07qQ9y0IgX4dGZF0S9Gwdk4CVA+DL9afSphvFNa4nRiw6RNgb6quwLV4dLPF/gFDvNaOcQ==",
			"requires": {
				"@babel/runtime": "^7.13.10",
				"@radix-ui/primitive": "1.0.1",
				"@radix-ui/react-context": "1.0.1",
				"@radix-ui/react-menu": "2.0.5",
				"@radix-ui/react-primitive": "1.0.3",
				"@radix-ui/react-use-callback-ref": "1.0.1",
				"@radix-ui/react-use-controllable-state": "1.0.1"
			}
		},
		"@radix-ui/react-dialog": {
			"version": "1.0.4",
			"resolved": "https://registry.npmjs.org/@radix-ui/react-dialog/-/react-dialog-1.0.4.tgz",
			"integrity": "sha512-hJtRy/jPULGQZceSAP2Re6/4NpKo8im6V8P2hUqZsdFiSL8l35kYsw3qbRI6Ay5mQd2+wlLqje770eq+RJ3yZg==",
			"requires": {
				"@babel/runtime": "^7.13.10",
				"@radix-ui/primitive": "1.0.1",
				"@radix-ui/react-compose-refs": "1.0.1",
				"@radix-ui/react-context": "1.0.1",
				"@radix-ui/react-dismissable-layer": "1.0.4",
				"@radix-ui/react-focus-guards": "1.0.1",
				"@radix-ui/react-focus-scope": "1.0.3",
				"@radix-ui/react-id": "1.0.1",
				"@radix-ui/react-portal": "1.0.3",
				"@radix-ui/react-presence": "1.0.1",
				"@radix-ui/react-primitive": "1.0.3",
				"@radix-ui/react-slot": "1.0.2",
				"@radix-ui/react-use-controllable-state": "1.0.1",
				"aria-hidden": "^1.1.1",
				"react-remove-scroll": "2.5.5"
			}
		},
		"@radix-ui/react-direction": {
			"version": "1.0.1",
			"resolved": "https://registry.npmjs.org/@radix-ui/react-direction/-/react-direction-1.0.1.tgz",
			"integrity": "sha512-RXcvnXgyvYvBEOhCBuddKecVkoMiI10Jcm5cTI7abJRAHYfFxeu+FBQs/DvdxSYucxR5mna0dNsL6QFlds5TMA==",
			"requires": {
				"@babel/runtime": "^7.13.10"
			}
		},
		"@radix-ui/react-dismissable-layer": {
			"version": "1.0.4",
			"resolved": "https://registry.npmjs.org/@radix-ui/react-dismissable-layer/-/react-dismissable-layer-1.0.4.tgz",
			"integrity": "sha512-7UpBa/RKMoHJYjie1gkF1DlK8l1fdU/VKDpoS3rCCo8YBJR294GwcEHyxHw72yvphJ7ld0AXEcSLAzY2F/WyCg==",
			"requires": {
				"@babel/runtime": "^7.13.10",
				"@radix-ui/primitive": "1.0.1",
				"@radix-ui/react-compose-refs": "1.0.1",
				"@radix-ui/react-primitive": "1.0.3",
				"@radix-ui/react-use-callback-ref": "1.0.1",
				"@radix-ui/react-use-escape-keydown": "1.0.3"
			}
		},
		"@radix-ui/react-dropdown-menu": {
			"version": "2.0.5",
			"resolved": "https://registry.npmjs.org/@radix-ui/react-dropdown-menu/-/react-dropdown-menu-2.0.5.tgz",
			"integrity": "sha512-xdOrZzOTocqqkCkYo8yRPCib5OkTkqN7lqNCdxwPOdE466DOaNl4N8PkUIlsXthQvW5Wwkd+aEmWpfWlBoDPEw==",
			"requires": {
				"@babel/runtime": "^7.13.10",
				"@radix-ui/primitive": "1.0.1",
				"@radix-ui/react-compose-refs": "1.0.1",
				"@radix-ui/react-context": "1.0.1",
				"@radix-ui/react-id": "1.0.1",
				"@radix-ui/react-menu": "2.0.5",
				"@radix-ui/react-primitive": "1.0.3",
				"@radix-ui/react-use-controllable-state": "1.0.1"
			}
		},
		"@radix-ui/react-focus-guards": {
			"version": "1.0.1",
			"resolved": "https://registry.npmjs.org/@radix-ui/react-focus-guards/-/react-focus-guards-1.0.1.tgz",
			"integrity": "sha512-Rect2dWbQ8waGzhMavsIbmSVCgYxkXLxxR3ZvCX79JOglzdEy4JXMb98lq4hPxUbLr77nP0UOGf4rcMU+s1pUA==",
			"requires": {
				"@babel/runtime": "^7.13.10"
			}
		},
		"@radix-ui/react-focus-scope": {
			"version": "1.0.3",
			"resolved": "https://registry.npmjs.org/@radix-ui/react-focus-scope/-/react-focus-scope-1.0.3.tgz",
			"integrity": "sha512-upXdPfqI4islj2CslyfUBNlaJCPybbqRHAi1KER7Isel9Q2AtSJ0zRBZv8mWQiFXD2nyAJ4BhC3yXgZ6kMBSrQ==",
			"requires": {
				"@babel/runtime": "^7.13.10",
				"@radix-ui/react-compose-refs": "1.0.1",
				"@radix-ui/react-primitive": "1.0.3",
				"@radix-ui/react-use-callback-ref": "1.0.1"
			}
		},
		"@radix-ui/react-id": {
			"version": "1.0.1",
			"resolved": "https://registry.npmjs.org/@radix-ui/react-id/-/react-id-1.0.1.tgz",
			"integrity": "sha512-tI7sT/kqYp8p96yGWY1OAnLHrqDgzHefRBKQ2YAkBS5ja7QLcZ9Z/uY7bEjPUatf8RomoXM8/1sMj1IJaE5UzQ==",
			"requires": {
				"@babel/runtime": "^7.13.10",
				"@radix-ui/react-use-layout-effect": "1.0.1"
			}
		},
		"@radix-ui/react-menu": {
			"version": "2.0.5",
			"resolved": "https://registry.npmjs.org/@radix-ui/react-menu/-/react-menu-2.0.5.tgz",
			"integrity": "sha512-Gw4f9pwdH+w5w+49k0gLjN0PfRDHvxmAgG16AbyJZ7zhwZ6PBHKtWohvnSwfusfnK3L68dpBREHpVkj8wEM7ZA==",
			"requires": {
				"@babel/runtime": "^7.13.10",
				"@radix-ui/primitive": "1.0.1",
				"@radix-ui/react-collection": "1.0.3",
				"@radix-ui/react-compose-refs": "1.0.1",
				"@radix-ui/react-context": "1.0.1",
				"@radix-ui/react-direction": "1.0.1",
				"@radix-ui/react-dismissable-layer": "1.0.4",
				"@radix-ui/react-focus-guards": "1.0.1",
				"@radix-ui/react-focus-scope": "1.0.3",
				"@radix-ui/react-id": "1.0.1",
				"@radix-ui/react-popper": "1.1.2",
				"@radix-ui/react-portal": "1.0.3",
				"@radix-ui/react-presence": "1.0.1",
				"@radix-ui/react-primitive": "1.0.3",
				"@radix-ui/react-roving-focus": "1.0.4",
				"@radix-ui/react-slot": "1.0.2",
				"@radix-ui/react-use-callback-ref": "1.0.1",
				"aria-hidden": "^1.1.1",
				"react-remove-scroll": "2.5.5"
			}
		},
		"@radix-ui/react-popover": {
			"version": "1.0.6-rc.5",
			"resolved": "https://registry.npmjs.org/@radix-ui/react-popover/-/react-popover-1.0.6-rc.5.tgz",
			"integrity": "sha512-x52g7glgCUf2yLOWo9jLnZLwxFznrBxLyWHY+pLjE2GYYhlPQHfxAmYPPycrrEg+7KdGhLwNH0BnzUI0kET6/Q==",
			"requires": {
				"@babel/runtime": "^7.13.10",
				"@radix-ui/primitive": "1.0.0",
				"@radix-ui/react-compose-refs": "1.0.0",
				"@radix-ui/react-context": "1.0.0",
				"@radix-ui/react-dismissable-layer": "1.0.3",
				"@radix-ui/react-focus-guards": "1.0.0",
				"@radix-ui/react-focus-scope": "1.0.2",
				"@radix-ui/react-id": "1.0.0",
				"@radix-ui/react-popper": "1.1.2-rc.5",
				"@radix-ui/react-portal": "1.0.2",
				"@radix-ui/react-presence": "1.0.0",
				"@radix-ui/react-primitive": "1.0.2",
				"@radix-ui/react-slot": "1.0.1",
				"@radix-ui/react-use-controllable-state": "1.0.0",
				"aria-hidden": "^1.1.1",
				"react-remove-scroll": "2.5.5"
			},
			"dependencies": {
				"@floating-ui/core": {
					"version": "0.7.3",
					"resolved": "https://registry.npmjs.org/@floating-ui/core/-/core-0.7.3.tgz",
					"integrity": "sha512-buc8BXHmG9l82+OQXOFU3Kr2XQx9ys01U/Q9HMIrZ300iLc8HLMgh7dcCqgYzAzf4BkoQvDcXf5Y+CuEZ5JBYg=="
				},
				"@floating-ui/dom": {
					"version": "0.5.4",
					"resolved": "https://registry.npmjs.org/@floating-ui/dom/-/dom-0.5.4.tgz",
					"integrity": "sha512-419BMceRLq0RrmTSDxn8hf9R3VCJv2K9PUfugh5JyEFmdjzDo+e8U5EdR8nzKq8Yj1htzLm3b6eQEEam3/rrtg==",
					"requires": {
						"@floating-ui/core": "^0.7.3"
					}
				},
				"@floating-ui/react-dom": {
					"version": "0.7.2",
					"resolved": "https://registry.npmjs.org/@floating-ui/react-dom/-/react-dom-0.7.2.tgz",
					"integrity": "sha512-1T0sJcpHgX/u4I1OzIEhlcrvkUN8ln39nz7fMoE/2HDHrPiMFoOGR7++GYyfUmIQHkkrTinaeQsO3XWubjSvGg==",
					"requires": {
						"@floating-ui/dom": "^0.5.3",
						"use-isomorphic-layout-effect": "^1.1.1"
					}
				},
				"@radix-ui/primitive": {
					"version": "1.0.0",
					"resolved": "https://registry.npmjs.org/@radix-ui/primitive/-/primitive-1.0.0.tgz",
					"integrity": "sha512-3e7rn8FDMin4CgeL7Z/49smCA3rFYY3Ha2rUQ7HRWFadS5iCRw08ZgVT1LaNTCNqgvrUiyczLflrVrF0SRQtNA==",
					"requires": {
						"@babel/runtime": "^7.13.10"
					}
				},
				"@radix-ui/react-arrow": {
					"version": "1.0.2",
					"resolved": "https://registry.npmjs.org/@radix-ui/react-arrow/-/react-arrow-1.0.2.tgz",
					"integrity": "sha512-fqYwhhI9IarZ0ll2cUSfKuXHlJK0qE4AfnRrPBbRwEH/4mGQn04/QFGomLi8TXWIdv9WJk//KgGm+aDxVIr1wA==",
					"requires": {
						"@babel/runtime": "^7.13.10",
						"@radix-ui/react-primitive": "1.0.2"
					}
				},
				"@radix-ui/react-compose-refs": {
					"version": "1.0.0",
					"resolved": "https://registry.npmjs.org/@radix-ui/react-compose-refs/-/react-compose-refs-1.0.0.tgz",
					"integrity": "sha512-0KaSv6sx787/hK3eF53iOkiSLwAGlFMx5lotrqD2pTjB18KbybKoEIgkNZTKC60YECDQTKGTRcDBILwZVqVKvA==",
					"requires": {
						"@babel/runtime": "^7.13.10"
					}
				},
				"@radix-ui/react-context": {
					"version": "1.0.0",
					"resolved": "https://registry.npmjs.org/@radix-ui/react-context/-/react-context-1.0.0.tgz",
					"integrity": "sha512-1pVM9RfOQ+n/N5PJK33kRSKsr1glNxomxONs5c49MliinBY6Yw2Q995qfBUUo0/Mbg05B/sGA0gkgPI7kmSHBg==",
					"requires": {
						"@babel/runtime": "^7.13.10"
					}
				},
				"@radix-ui/react-dismissable-layer": {
					"version": "1.0.3",
					"resolved": "https://registry.npmjs.org/@radix-ui/react-dismissable-layer/-/react-dismissable-layer-1.0.3.tgz",
					"integrity": "sha512-nXZOvFjOuHS1ovumntGV7NNoLaEp9JEvTht3MBjP44NSW5hUKj/8OnfN3+8WmB+CEhN44XaGhpHoSsUIEl5P7Q==",
					"requires": {
						"@babel/runtime": "^7.13.10",
						"@radix-ui/primitive": "1.0.0",
						"@radix-ui/react-compose-refs": "1.0.0",
						"@radix-ui/react-primitive": "1.0.2",
						"@radix-ui/react-use-callback-ref": "1.0.0",
						"@radix-ui/react-use-escape-keydown": "1.0.2"
					}
				},
				"@radix-ui/react-focus-guards": {
					"version": "1.0.0",
					"resolved": "https://registry.npmjs.org/@radix-ui/react-focus-guards/-/react-focus-guards-1.0.0.tgz",
					"integrity": "sha512-UagjDk4ijOAnGu4WMUPj9ahi7/zJJqNZ9ZAiGPp7waUWJO0O1aWXi/udPphI0IUjvrhBsZJGSN66dR2dsueLWQ==",
					"requires": {
						"@babel/runtime": "^7.13.10"
					}
				},
				"@radix-ui/react-focus-scope": {
					"version": "1.0.2",
					"resolved": "https://registry.npmjs.org/@radix-ui/react-focus-scope/-/react-focus-scope-1.0.2.tgz",
					"integrity": "sha512-spwXlNTfeIprt+kaEWE/qYuYT3ZAqJiAGjN/JgdvgVDTu8yc+HuX+WOWXrKliKnLnwck0F6JDkqIERncnih+4A==",
					"requires": {
						"@babel/runtime": "^7.13.10",
						"@radix-ui/react-compose-refs": "1.0.0",
						"@radix-ui/react-primitive": "1.0.2",
						"@radix-ui/react-use-callback-ref": "1.0.0"
					}
				},
				"@radix-ui/react-id": {
					"version": "1.0.0",
					"resolved": "https://registry.npmjs.org/@radix-ui/react-id/-/react-id-1.0.0.tgz",
					"integrity": "sha512-Q6iAB/U7Tq3NTolBBQbHTgclPmGWE3OlktGGqrClPozSw4vkQ1DfQAOtzgRPecKsMdJINE05iaoDUG8tRzCBjw==",
					"requires": {
						"@babel/runtime": "^7.13.10",
						"@radix-ui/react-use-layout-effect": "1.0.0"
					}
				},
				"@radix-ui/react-popper": {
					"version": "1.1.2-rc.5",
					"resolved": "https://registry.npmjs.org/@radix-ui/react-popper/-/react-popper-1.1.2-rc.5.tgz",
					"integrity": "sha512-ABYjxwalGn2vCAKn69KVdXiDdt4rmOaw53GkTcuOT1SJi0bxhq5qtvbRMX96DHZPjJLAVJ/iJvGQF2PvPHpFzw==",
					"requires": {
						"@babel/runtime": "^7.13.10",
						"@floating-ui/react-dom": "0.7.2",
						"@radix-ui/react-arrow": "1.0.2",
						"@radix-ui/react-compose-refs": "1.0.0",
						"@radix-ui/react-context": "1.0.0",
						"@radix-ui/react-primitive": "1.0.2",
						"@radix-ui/react-use-callback-ref": "1.0.0",
						"@radix-ui/react-use-layout-effect": "1.0.0",
						"@radix-ui/react-use-rect": "1.0.0",
						"@radix-ui/react-use-size": "1.0.0",
						"@radix-ui/rect": "1.0.0"
					}
				},
				"@radix-ui/react-portal": {
					"version": "1.0.2",
					"resolved": "https://registry.npmjs.org/@radix-ui/react-portal/-/react-portal-1.0.2.tgz",
					"integrity": "sha512-swu32idoCW7KA2VEiUZGBSu9nB6qwGdV6k6HYhUoOo3M1FFpD+VgLzUqtt3mwL1ssz7r2x8MggpLSQach2Xy/Q==",
					"requires": {
						"@babel/runtime": "^7.13.10",
						"@radix-ui/react-primitive": "1.0.2"
					}
				},
				"@radix-ui/react-presence": {
					"version": "1.0.0",
					"resolved": "https://registry.npmjs.org/@radix-ui/react-presence/-/react-presence-1.0.0.tgz",
					"integrity": "sha512-A+6XEvN01NfVWiKu38ybawfHsBjWum42MRPnEuqPsBZ4eV7e/7K321B5VgYMPv3Xx5An6o1/l9ZuDBgmcmWK3w==",
					"requires": {
						"@babel/runtime": "^7.13.10",
						"@radix-ui/react-compose-refs": "1.0.0",
						"@radix-ui/react-use-layout-effect": "1.0.0"
					}
				},
				"@radix-ui/react-primitive": {
					"version": "1.0.2",
					"resolved": "https://registry.npmjs.org/@radix-ui/react-primitive/-/react-primitive-1.0.2.tgz",
					"integrity": "sha512-zY6G5Qq4R8diFPNwtyoLRZBxzu1Z+SXMlfYpChN7Dv8gvmx9X3qhDqiLWvKseKVJMuedFeU/Sa0Sy/Ia+t06Dw==",
					"requires": {
						"@babel/runtime": "^7.13.10",
						"@radix-ui/react-slot": "1.0.1"
					}
				},
				"@radix-ui/react-slot": {
					"version": "1.0.1",
					"resolved": "https://registry.npmjs.org/@radix-ui/react-slot/-/react-slot-1.0.1.tgz",
					"integrity": "sha512-avutXAFL1ehGvAXtPquu0YK5oz6ctS474iM3vNGQIkswrVhdrS52e3uoMQBzZhNRAIE0jBnUyXWNmSjGHhCFcw==",
					"requires": {
						"@babel/runtime": "^7.13.10",
						"@radix-ui/react-compose-refs": "1.0.0"
					}
				},
				"@radix-ui/react-use-callback-ref": {
					"version": "1.0.0",
					"resolved": "https://registry.npmjs.org/@radix-ui/react-use-callback-ref/-/react-use-callback-ref-1.0.0.tgz",
					"integrity": "sha512-GZtyzoHz95Rhs6S63D2t/eqvdFCm7I+yHMLVQheKM7nBD8mbZIt+ct1jz4536MDnaOGKIxynJ8eHTkVGVVkoTg==",
					"requires": {
						"@babel/runtime": "^7.13.10"
					}
				},
				"@radix-ui/react-use-controllable-state": {
					"version": "1.0.0",
					"resolved": "https://registry.npmjs.org/@radix-ui/react-use-controllable-state/-/react-use-controllable-state-1.0.0.tgz",
					"integrity": "sha512-FohDoZvk3mEXh9AWAVyRTYR4Sq7/gavuofglmiXB2g1aKyboUD4YtgWxKj8O5n+Uak52gXQ4wKz5IFST4vtJHg==",
					"requires": {
						"@babel/runtime": "^7.13.10",
						"@radix-ui/react-use-callback-ref": "1.0.0"
					}
				},
				"@radix-ui/react-use-escape-keydown": {
					"version": "1.0.2",
					"resolved": "https://registry.npmjs.org/@radix-ui/react-use-escape-keydown/-/react-use-escape-keydown-1.0.2.tgz",
					"integrity": "sha512-DXGim3x74WgUv+iMNCF+cAo8xUHHeqvjx8zs7trKf+FkQKPQXLk2sX7Gx1ysH7Q76xCpZuxIJE7HLPxRE+Q+GA==",
					"requires": {
						"@babel/runtime": "^7.13.10",
						"@radix-ui/react-use-callback-ref": "1.0.0"
					}
				},
				"@radix-ui/react-use-layout-effect": {
					"version": "1.0.0",
					"resolved": "https://registry.npmjs.org/@radix-ui/react-use-layout-effect/-/react-use-layout-effect-1.0.0.tgz",
					"integrity": "sha512-6Tpkq+R6LOlmQb1R5NNETLG0B4YP0wc+klfXafpUCj6JGyaUc8il7/kUZ7m59rGbXGczE9Bs+iz2qloqsZBduQ==",
					"requires": {
						"@babel/runtime": "^7.13.10"
					}
				},
				"@radix-ui/react-use-rect": {
					"version": "1.0.0",
					"resolved": "https://registry.npmjs.org/@radix-ui/react-use-rect/-/react-use-rect-1.0.0.tgz",
					"integrity": "sha512-TB7pID8NRMEHxb/qQJpvSt3hQU4sqNPM1VCTjTRjEOa7cEop/QMuq8S6fb/5Tsz64kqSvB9WnwsDHtjnrM9qew==",
					"requires": {
						"@babel/runtime": "^7.13.10",
						"@radix-ui/rect": "1.0.0"
					}
				},
				"@radix-ui/react-use-size": {
					"version": "1.0.0",
					"resolved": "https://registry.npmjs.org/@radix-ui/react-use-size/-/react-use-size-1.0.0.tgz",
					"integrity": "sha512-imZ3aYcoYCKhhgNpkNDh/aTiU05qw9hX+HHI1QDBTyIlcFjgeFlKKySNGMwTp7nYFLQg/j0VA2FmCY4WPDDHMg==",
					"requires": {
						"@babel/runtime": "^7.13.10",
						"@radix-ui/react-use-layout-effect": "1.0.0"
					}
				},
				"@radix-ui/rect": {
					"version": "1.0.0",
					"resolved": "https://registry.npmjs.org/@radix-ui/rect/-/rect-1.0.0.tgz",
					"integrity": "sha512-d0O68AYy/9oeEy1DdC07bz1/ZXX+DqCskRd3i4JzLSTXwefzaepQrKjXC7aNM8lTHjFLDO0pDgaEiQ7jEk+HVg==",
					"requires": {
						"@babel/runtime": "^7.13.10"
					}
				}
			}
		},
		"@radix-ui/react-popper": {
			"version": "1.1.2",
			"resolved": "https://registry.npmjs.org/@radix-ui/react-popper/-/react-popper-1.1.2.tgz",
			"integrity": "sha512-1CnGGfFi/bbqtJZZ0P/NQY20xdG3E0LALJaLUEoKwPLwl6PPPfbeiCqMVQnhoFRAxjJj4RpBRJzDmUgsex2tSg==",
			"requires": {
				"@babel/runtime": "^7.13.10",
				"@floating-ui/react-dom": "^2.0.0",
				"@radix-ui/react-arrow": "1.0.3",
				"@radix-ui/react-compose-refs": "1.0.1",
				"@radix-ui/react-context": "1.0.1",
				"@radix-ui/react-primitive": "1.0.3",
				"@radix-ui/react-use-callback-ref": "1.0.1",
				"@radix-ui/react-use-layout-effect": "1.0.1",
				"@radix-ui/react-use-rect": "1.0.1",
				"@radix-ui/react-use-size": "1.0.1",
				"@radix-ui/rect": "1.0.1"
			}
		},
		"@radix-ui/react-portal": {
			"version": "1.0.3",
			"resolved": "https://registry.npmjs.org/@radix-ui/react-portal/-/react-portal-1.0.3.tgz",
			"integrity": "sha512-xLYZeHrWoPmA5mEKEfZZevoVRK/Q43GfzRXkWV6qawIWWK8t6ifIiLQdd7rmQ4Vk1bmI21XhqF9BN3jWf+phpA==",
			"requires": {
				"@babel/runtime": "^7.13.10",
				"@radix-ui/react-primitive": "1.0.3"
			}
		},
		"@radix-ui/react-presence": {
			"version": "1.0.1",
			"resolved": "https://registry.npmjs.org/@radix-ui/react-presence/-/react-presence-1.0.1.tgz",
			"integrity": "sha512-UXLW4UAbIY5ZjcvzjfRFo5gxva8QirC9hF7wRE4U5gz+TP0DbRk+//qyuAQ1McDxBt1xNMBTaciFGvEmJvAZCg==",
			"requires": {
				"@babel/runtime": "^7.13.10",
				"@radix-ui/react-compose-refs": "1.0.1",
				"@radix-ui/react-use-layout-effect": "1.0.1"
			}
		},
		"@radix-ui/react-primitive": {
			"version": "1.0.3",
			"resolved": "https://registry.npmjs.org/@radix-ui/react-primitive/-/react-primitive-1.0.3.tgz",
			"integrity": "sha512-yi58uVyoAcK/Nq1inRY56ZSjKypBNKTa/1mcL8qdl6oJeEaDbOldlzrGn7P6Q3Id5d+SYNGc5AJgc4vGhjs5+g==",
			"requires": {
				"@babel/runtime": "^7.13.10",
				"@radix-ui/react-slot": "1.0.2"
			}
		},
		"@radix-ui/react-roving-focus": {
			"version": "1.0.4",
			"resolved": "https://registry.npmjs.org/@radix-ui/react-roving-focus/-/react-roving-focus-1.0.4.tgz",
			"integrity": "sha512-2mUg5Mgcu001VkGy+FfzZyzbmuUWzgWkj3rvv4yu+mLw03+mTzbxZHvfcGyFp2b8EkQeMkpRQ5FiA2Vr2O6TeQ==",
			"requires": {
				"@babel/runtime": "^7.13.10",
				"@radix-ui/primitive": "1.0.1",
				"@radix-ui/react-collection": "1.0.3",
				"@radix-ui/react-compose-refs": "1.0.1",
				"@radix-ui/react-context": "1.0.1",
				"@radix-ui/react-direction": "1.0.1",
				"@radix-ui/react-id": "1.0.1",
				"@radix-ui/react-primitive": "1.0.3",
				"@radix-ui/react-use-callback-ref": "1.0.1",
				"@radix-ui/react-use-controllable-state": "1.0.1"
			}
		},
		"@radix-ui/react-select": {
			"version": "1.2.2",
			"resolved": "https://registry.npmjs.org/@radix-ui/react-select/-/react-select-1.2.2.tgz",
			"integrity": "sha512-zI7McXr8fNaSrUY9mZe4x/HC0jTLY9fWNhO1oLWYMQGDXuV4UCivIGTxwioSzO0ZCYX9iSLyWmAh/1TOmX3Cnw==",
			"requires": {
				"@babel/runtime": "^7.13.10",
				"@radix-ui/number": "1.0.1",
				"@radix-ui/primitive": "1.0.1",
				"@radix-ui/react-collection": "1.0.3",
				"@radix-ui/react-compose-refs": "1.0.1",
				"@radix-ui/react-context": "1.0.1",
				"@radix-ui/react-direction": "1.0.1",
				"@radix-ui/react-dismissable-layer": "1.0.4",
				"@radix-ui/react-focus-guards": "1.0.1",
				"@radix-ui/react-focus-scope": "1.0.3",
				"@radix-ui/react-id": "1.0.1",
				"@radix-ui/react-popper": "1.1.2",
				"@radix-ui/react-portal": "1.0.3",
				"@radix-ui/react-primitive": "1.0.3",
				"@radix-ui/react-slot": "1.0.2",
				"@radix-ui/react-use-callback-ref": "1.0.1",
				"@radix-ui/react-use-controllable-state": "1.0.1",
				"@radix-ui/react-use-layout-effect": "1.0.1",
				"@radix-ui/react-use-previous": "1.0.1",
				"@radix-ui/react-visually-hidden": "1.0.3",
				"aria-hidden": "^1.1.1",
				"react-remove-scroll": "2.5.5"
			}
		},
		"@radix-ui/react-slider": {
			"version": "1.1.2",
			"resolved": "https://registry.npmjs.org/@radix-ui/react-slider/-/react-slider-1.1.2.tgz",
			"integrity": "sha512-NKs15MJylfzVsCagVSWKhGGLNR1W9qWs+HtgbmjjVUB3B9+lb3PYoXxVju3kOrpf0VKyVCtZp+iTwVoqpa1Chw==",
			"requires": {
				"@babel/runtime": "^7.13.10",
				"@radix-ui/number": "1.0.1",
				"@radix-ui/primitive": "1.0.1",
				"@radix-ui/react-collection": "1.0.3",
				"@radix-ui/react-compose-refs": "1.0.1",
				"@radix-ui/react-context": "1.0.1",
				"@radix-ui/react-direction": "1.0.1",
				"@radix-ui/react-primitive": "1.0.3",
				"@radix-ui/react-use-controllable-state": "1.0.1",
				"@radix-ui/react-use-layout-effect": "1.0.1",
				"@radix-ui/react-use-previous": "1.0.1",
				"@radix-ui/react-use-size": "1.0.1"
			}
		},
		"@radix-ui/react-slot": {
			"version": "1.0.2",
			"resolved": "https://registry.npmjs.org/@radix-ui/react-slot/-/react-slot-1.0.2.tgz",
			"integrity": "sha512-YeTpuq4deV+6DusvVUW4ivBgnkHwECUu0BiN43L5UCDFgdhsRUWAghhTF5MbvNTPzmiFOx90asDSUjWuCNapwg==",
			"requires": {
				"@babel/runtime": "^7.13.10",
				"@radix-ui/react-compose-refs": "1.0.1"
			}
		},
		"@radix-ui/react-toast": {
			"version": "1.1.4",
			"resolved": "https://registry.npmjs.org/@radix-ui/react-toast/-/react-toast-1.1.4.tgz",
			"integrity": "sha512-wf+fc8DOywrpRK3jlPlWVe+ELYGHdKDaaARJZNuUTWyWYq7+ANCFLp4rTjZ/mcGkJJQ/vZ949Zis9xxEpfq9OA==",
			"requires": {
				"@babel/runtime": "^7.13.10",
				"@radix-ui/primitive": "1.0.1",
				"@radix-ui/react-collection": "1.0.3",
				"@radix-ui/react-compose-refs": "1.0.1",
				"@radix-ui/react-context": "1.0.1",
				"@radix-ui/react-dismissable-layer": "1.0.4",
				"@radix-ui/react-portal": "1.0.3",
				"@radix-ui/react-presence": "1.0.1",
				"@radix-ui/react-primitive": "1.0.3",
				"@radix-ui/react-use-callback-ref": "1.0.1",
				"@radix-ui/react-use-controllable-state": "1.0.1",
				"@radix-ui/react-use-layout-effect": "1.0.1",
				"@radix-ui/react-visually-hidden": "1.0.3"
			}
		},
		"@radix-ui/react-use-callback-ref": {
			"version": "1.0.1",
			"resolved": "https://registry.npmjs.org/@radix-ui/react-use-callback-ref/-/react-use-callback-ref-1.0.1.tgz",
			"integrity": "sha512-D94LjX4Sp0xJFVaoQOd3OO9k7tpBYNOXdVhkltUbGv2Qb9OXdrg/CpsjlZv7ia14Sylv398LswWBVVu5nqKzAQ==",
			"requires": {
				"@babel/runtime": "^7.13.10"
			}
		},
		"@radix-ui/react-use-controllable-state": {
			"version": "1.0.1",
			"resolved": "https://registry.npmjs.org/@radix-ui/react-use-controllable-state/-/react-use-controllable-state-1.0.1.tgz",
			"integrity": "sha512-Svl5GY5FQeN758fWKrjM6Qb7asvXeiZltlT4U2gVfl8Gx5UAv2sMR0LWo8yhsIZh2oQ0eFdZ59aoOOMV7b47VA==",
			"requires": {
				"@babel/runtime": "^7.13.10",
				"@radix-ui/react-use-callback-ref": "1.0.1"
			}
		},
		"@radix-ui/react-use-escape-keydown": {
			"version": "1.0.3",
			"resolved": "https://registry.npmjs.org/@radix-ui/react-use-escape-keydown/-/react-use-escape-keydown-1.0.3.tgz",
			"integrity": "sha512-vyL82j40hcFicA+M4Ex7hVkB9vHgSse1ZWomAqV2Je3RleKGO5iM8KMOEtfoSB0PnIelMd2lATjTGMYqN5ylTg==",
			"requires": {
				"@babel/runtime": "^7.13.10",
				"@radix-ui/react-use-callback-ref": "1.0.1"
			}
		},
		"@radix-ui/react-use-layout-effect": {
			"version": "1.0.1",
			"resolved": "https://registry.npmjs.org/@radix-ui/react-use-layout-effect/-/react-use-layout-effect-1.0.1.tgz",
			"integrity": "sha512-v/5RegiJWYdoCvMnITBkNNx6bCj20fiaJnWtRkU18yITptraXjffz5Qbn05uOiQnOvi+dbkznkoaMltz1GnszQ==",
			"requires": {
				"@babel/runtime": "^7.13.10"
			}
		},
		"@radix-ui/react-use-previous": {
			"version": "1.0.1",
			"resolved": "https://registry.npmjs.org/@radix-ui/react-use-previous/-/react-use-previous-1.0.1.tgz",
			"integrity": "sha512-cV5La9DPwiQ7S0gf/0qiD6YgNqM5Fk97Kdrlc5yBcrF3jyEZQwm7vYFqMo4IfeHgJXsRaMvLABFtd0OVEmZhDw==",
			"requires": {
				"@babel/runtime": "^7.13.10"
			}
		},
		"@radix-ui/react-use-rect": {
			"version": "1.0.1",
			"resolved": "https://registry.npmjs.org/@radix-ui/react-use-rect/-/react-use-rect-1.0.1.tgz",
			"integrity": "sha512-Cq5DLuSiuYVKNU8orzJMbl15TXilTnJKUCltMVQg53BQOF1/C5toAaGrowkgksdBQ9H+SRL23g0HDmg9tvmxXw==",
			"requires": {
				"@babel/runtime": "^7.13.10",
				"@radix-ui/rect": "1.0.1"
			}
		},
		"@radix-ui/react-use-size": {
			"version": "1.0.1",
			"resolved": "https://registry.npmjs.org/@radix-ui/react-use-size/-/react-use-size-1.0.1.tgz",
			"integrity": "sha512-ibay+VqrgcaI6veAojjofPATwledXiSmX+C0KrBk/xgpX9rBzPV3OsfwlhQdUOFbh+LKQorLYT+xTXW9V8yd0g==",
			"requires": {
				"@babel/runtime": "^7.13.10",
				"@radix-ui/react-use-layout-effect": "1.0.1"
			}
		},
		"@radix-ui/react-visually-hidden": {
			"version": "1.0.3",
			"resolved": "https://registry.npmjs.org/@radix-ui/react-visually-hidden/-/react-visually-hidden-1.0.3.tgz",
			"integrity": "sha512-D4w41yN5YRKtu464TLnByKzMDG/JlMPHtfZgQAu9v6mNakUqGUI9vUrfQKz8NK41VMm/xbZbh76NUTVtIYqOMA==",
			"requires": {
				"@babel/runtime": "^7.13.10",
				"@radix-ui/react-primitive": "1.0.3"
			}
		},
		"@radix-ui/rect": {
			"version": "1.0.1",
			"resolved": "https://registry.npmjs.org/@radix-ui/rect/-/rect-1.0.1.tgz",
			"integrity": "sha512-fyrgCaedtvMg9NK3en0pnOYJdtfwxUcNolezkNPUsoX57X8oQk+NkqcvzHXD2uKNij6GXmWU9NDru2IWjrO4BQ==",
			"requires": {
				"@babel/runtime": "^7.13.10"
			}
		},
		"@tldraw/editor": {
			"version": "2.0.0-alpha.14",
			"resolved": "https://registry.npmjs.org/@tldraw/editor/-/editor-2.0.0-alpha.14.tgz",
			"integrity": "sha512-RgWE6u2w6tCfzGxbZOCW8FyLdomoYSge9f4YCQgcGLpWBtqFngKuNHUmFwJpnYvBT7arYweTYCWTIK5NGoVzVA==",
			"requires": {
				"@tldraw/indices": "2.0.0-alpha.14",
				"@tldraw/primitives": "2.0.0-alpha.14",
				"@tldraw/state": "2.0.0-alpha.14",
				"@tldraw/store": "2.0.0-alpha.14",
				"@tldraw/tlschema": "2.0.0-alpha.14",
				"@tldraw/utils": "2.0.0-alpha.14",
				"@tldraw/validate": "2.0.0-alpha.14",
				"@types/canvas-size": "^1.2.0",
				"@use-gesture/react": "^10.2.27",
				"canvas-size": "^1.2.6",
				"classnames": "^2.3.2",
				"escape-string-regexp": "^5.0.0",
				"eventemitter3": "^4.0.7",
				"idb": "^7.1.1",
				"is-plain-object": "^5.0.0",
				"lodash.throttle": "^4.1.1",
				"lodash.uniq": "^4.5.0",
				"nanoid": "4.0.2"
			}
		},
		"@tldraw/indices": {
			"version": "2.0.0-alpha.14",
			"resolved": "https://registry.npmjs.org/@tldraw/indices/-/indices-2.0.0-alpha.14.tgz",
			"integrity": "sha512-XAEr6THe5c+j+AngtF03llMFDkdaO7zzwFNdo/du9yN5vdF19t5GrgaDwnjEoPZWEvXWc3GXoGzBja8Xqf2wNQ=="
		},
		"@tldraw/polyfills": {
			"version": "2.0.0-alpha.14",
			"resolved": "https://registry.npmjs.org/@tldraw/polyfills/-/polyfills-2.0.0-alpha.14.tgz",
			"integrity": "sha512-/vdbB7udZpyUygKLfKLgBjbqUNhHPer52aeAXFxF+rf3Uj3wUpEnN7ViQQIx3whXc/e17zdeONOp4xaFGaxmIg==",
			"requires": {
				"core-js": "^3.27.2"
			}
		},
		"@tldraw/primitives": {
			"version": "2.0.0-alpha.14",
			"resolved": "https://registry.npmjs.org/@tldraw/primitives/-/primitives-2.0.0-alpha.14.tgz",
			"integrity": "sha512-8MW7T8y0fBf7+0CODcQPLcqE7+sUa1OHDKbTtYuyAAohyj+fc1quICDu+Dv0iCLo1mgbojj9+Lidk+IA5j1Azg==",
			"requires": {
				"@tldraw/tlschema": "2.0.0-alpha.14"
			}
		},
		"@tldraw/state": {
			"version": "2.0.0-alpha.14",
			"resolved": "https://registry.npmjs.org/@tldraw/state/-/state-2.0.0-alpha.14.tgz",
			"integrity": "sha512-1a9JaRUAMUnxIhadxCIhQ/N9XtoxkSwLq50F63ufw1Fk/nRRBJ+aCgtjQ18aq/AJqc9ZHsgXVaETNj6S0U+6DQ=="
		},
		"@tldraw/store": {
			"version": "2.0.0-alpha.14",
			"resolved": "https://registry.npmjs.org/@tldraw/store/-/store-2.0.0-alpha.14.tgz",
			"integrity": "sha512-/j42gHL6Wx4FBdgLBCabOzmiESpVCqAgi9WHHMSYWUwhQR48mNwYgIERcQmT6150a3iOaBp5B8oDQUDsC4SBIQ==",
			"requires": {
				"@tldraw/state": "2.0.0-alpha.14",
				"@tldraw/utils": "2.0.0-alpha.14",
				"lodash.isequal": "^4.5.0",
				"nanoid": "4.0.2"
			}
		},
		"@tldraw/tldraw": {
			"version": "2.0.0-alpha.14",
			"resolved": "https://registry.npmjs.org/@tldraw/tldraw/-/tldraw-2.0.0-alpha.14.tgz",
			"integrity": "sha512-e+CedJgJABGdnp7A9fJ21P8JfRTP/o2KOFcU3Kfm+rl84uC2O5TH2AmhXtuN5Jmr+hOAX6y/Pfmd2QYnJfypvw==",
			"requires": {
				"@tldraw/editor": "2.0.0-alpha.14",
				"@tldraw/polyfills": "2.0.0-alpha.14",
				"@tldraw/primitives": "2.0.0-alpha.14",
				"@tldraw/store": "2.0.0-alpha.14",
				"@tldraw/ui": "2.0.0-alpha.14"
			}
		},
		"@tldraw/tlschema": {
			"version": "2.0.0-alpha.14",
			"resolved": "https://registry.npmjs.org/@tldraw/tlschema/-/tlschema-2.0.0-alpha.14.tgz",
			"integrity": "sha512-w4QO9WLcwXqp4PcU8UJXfgygWVJgnP3M0d2ug7JPlAriY9s2Ko9bSBuxdgMM4tkF3hoyzKjgeWnnPvJ1UTMu3g==",
			"requires": {
				"@tldraw/state": "2.0.0-alpha.14",
				"@tldraw/store": "2.0.0-alpha.14",
				"@tldraw/utils": "2.0.0-alpha.14",
				"@tldraw/validate": "2.0.0-alpha.14",
				"nanoid": "4.0.2"
			}
		},
		"@tldraw/ui": {
			"version": "2.0.0-alpha.14",
			"resolved": "https://registry.npmjs.org/@tldraw/ui/-/ui-2.0.0-alpha.14.tgz",
			"integrity": "sha512-mw0q8pEj5VKLoUgqrSFII5ZAWQhBagyQiJJD9LIuIkRYaN22nI2WcUOyi9hOfv/xiZApjQ3Xw6YJm/HSvrE8DQ==",
			"requires": {
				"@radix-ui/react-alert-dialog": "^1.0.0",
				"@radix-ui/react-context-menu": "^2.1.1",
				"@radix-ui/react-dialog": "^1.0.2",
				"@radix-ui/react-dropdown-menu": "^2.0.1",
				"@radix-ui/react-popover": "1.0.6-rc.5",
				"@radix-ui/react-select": "^1.2.0",
				"@radix-ui/react-slider": "^1.1.0",
				"@radix-ui/react-toast": "^1.1.1",
				"@tldraw/editor": "2.0.0-alpha.14",
				"@tldraw/primitives": "2.0.0-alpha.14",
				"@tldraw/state": "2.0.0-alpha.14",
				"@tldraw/tlschema": "2.0.0-alpha.14",
				"@tldraw/utils": "2.0.0-alpha.14",
				"browser-fs-access": "^0.31.0",
				"classnames": "^2.3.2",
				"hotkeys-js": "^3.9.4",
				"idb": "^7.1.1",
				"lz-string": "^1.4.4"
			}
		},
		"@tldraw/utils": {
			"version": "2.0.0-alpha.14",
			"resolved": "https://registry.npmjs.org/@tldraw/utils/-/utils-2.0.0-alpha.14.tgz",
			"integrity": "sha512-3wzSyV3EHvNenFIux0bFOP5uFwptWJkmiAguFUKmn3hCu/0hluJcCLJxYPukcIUPKPjXtgnAACr/6CVRqbOs9Q=="
		},
		"@tldraw/validate": {
			"version": "2.0.0-alpha.14",
			"resolved": "https://registry.npmjs.org/@tldraw/validate/-/validate-2.0.0-alpha.14.tgz",
			"integrity": "sha512-H/Cg2LaqNUCUSa3AiETpVeWV+pxDJSTE5UB6qc50YzGzlzIk06mfVQSX5Xc64v7sm5yqiVeyluXTdKmszdHB5w==",
			"requires": {
				"@tldraw/utils": "2.0.0-alpha.14"
			}
		},
		"@types/canvas-size": {
			"version": "1.2.0",
			"resolved": "https://registry.npmjs.org/@types/canvas-size/-/canvas-size-1.2.0.tgz",
			"integrity": "sha512-s0q6dNwuCT33836UAkAT30OfTDGlhnqPYFREw16/UBSSiaUHO9mBC+kR/e6AL5Rdo9XzV0jMBW7W1S2vyclWTw=="
		},
		"@use-gesture/core": {
			"version": "10.2.27",
			"resolved": "https://registry.npmjs.org/@use-gesture/core/-/core-10.2.27.tgz",
			"integrity": "sha512-V4XV7hn9GAD2MYu8yBBVi5iuWBsAMfjPRMsEVzoTNGYH72tf0kFP+OKqGKc8YJFQIJx6yj+AOqxmEHOmx2/MEA=="
		},
		"@use-gesture/react": {
			"version": "10.2.27",
			"resolved": "https://registry.npmjs.org/@use-gesture/react/-/react-10.2.27.tgz",
			"integrity": "sha512-7E5vnWCxeslWlxwZ8uKIcnUZVMTRMZ8cvSnLLKF1NkyNb3PnNiAzoXM4G1vTKJKRhgOTeI6wK1YsEpwo9ABV5w==",
			"requires": {
				"@use-gesture/core": "10.2.27"
			}
		},
		"aria-hidden": {
			"version": "1.2.3",
			"resolved": "https://registry.npmjs.org/aria-hidden/-/aria-hidden-1.2.3.tgz",
			"integrity": "sha512-xcLxITLe2HYa1cnYnwCjkOO1PqUHQpozB8x9AR0OgWN2woOBi5kSDVxKfd0b7sb1hw5qFeJhXm9H1nu3xSfLeQ==",
			"requires": {
				"tslib": "^2.0.0"
			}
		},
		"browser-fs-access": {
			"version": "0.31.2",
			"resolved": "https://registry.npmjs.org/browser-fs-access/-/browser-fs-access-0.31.2.tgz",
			"integrity": "sha512-wZSA7UgKMwR6oxddFQeSIoD7cxiNiaZT+iuVJw4/avr9t2ROwu80gxENT0YJChsLxJ7xBbLZDGHTAXfAg3Pq5Q=="
		},
		"canvas-size": {
			"version": "1.2.6",
			"resolved": "https://registry.npmjs.org/canvas-size/-/canvas-size-1.2.6.tgz",
			"integrity": "sha512-x2iVHOrZ5x9V0Hwx6kBz+Yxf/VCAII+jrD6WLjJbytJLozHq/oDJjEva432Os0eHxWMFR0vYlLJwTr6QxyxQqw=="
		},
		"classnames": {
			"version": "2.3.2",
			"resolved": "https://registry.npmjs.org/classnames/-/classnames-2.3.2.tgz",
			"integrity": "sha512-CSbhY4cFEJRe6/GQzIk5qXZ4Jeg5pcsP7b5peFSDpffpe1cqjASH/n9UTjBwOp6XpMSTwQ8Za2K5V02ueA7Tmw=="
		},
		"core-js": {
			"version": "3.31.0",
			"resolved": "https://registry.npmjs.org/core-js/-/core-js-3.31.0.tgz",
			"integrity": "sha512-NIp2TQSGfR6ba5aalZD+ZQ1fSxGhDo/s1w0nx3RYzf2pnJxt7YynxFlFScP6eV7+GZsKO95NSjGxyJsU3DZgeQ=="
		},
		"detect-node-es": {
			"version": "1.1.0",
			"resolved": "https://registry.npmjs.org/detect-node-es/-/detect-node-es-1.1.0.tgz",
			"integrity": "sha512-ypdmJU/TbBby2Dxibuv7ZLW3Bs1QEmM7nHjEANfohJLvE0XVujisn1qPJcZxg+qDucsr+bP6fLD1rPS3AhJ7EQ=="
		},
		"escape-string-regexp": {
			"version": "5.0.0",
			"resolved": "https://registry.npmjs.org/escape-string-regexp/-/escape-string-regexp-5.0.0.tgz",
			"integrity": "sha512-/veY75JbMK4j1yjvuUxuVsiS/hr/4iHs9FTT6cgTexxdE0Ly/glccBAkloH/DofkjRbZU3bnoj38mOmhkZ0lHw=="
		},
		"eventemitter3": {
			"version": "4.0.7",
			"resolved": "https://registry.npmjs.org/eventemitter3/-/eventemitter3-4.0.7.tgz",
			"integrity": "sha512-8guHBZCwKnFhYdHr2ysuRWErTwhoN2X8XELRlrRwpmfeY2jjuUN4taQMsULKUVo1K4DvZl+0pgfyoysHxvmvEw=="
		},
		"get-nonce": {
			"version": "1.0.1",
			"resolved": "https://registry.npmjs.org/get-nonce/-/get-nonce-1.0.1.tgz",
			"integrity": "sha512-FJhYRoDaiatfEkUK8HKlicmu/3SGFD51q3itKDGoSTysQJBnfOcxU5GxnhE1E6soB76MbT0MBtnKJuXyAx+96Q=="
		},
		"hotkeys-js": {
			"version": "3.10.4",
			"resolved": "https://registry.npmjs.org/hotkeys-js/-/hotkeys-js-3.10.4.tgz",
			"integrity": "sha512-naw9gN7jPx61zNfYiyRmHjDmbT6D3iLEMgRTZdvdZVyVFx/E9gFrRdiQukrmoMU9oWl4K5TYGe6qOTaldqhoXg=="
		},
		"idb": {
			"version": "7.1.1",
			"resolved": "https://registry.npmjs.org/idb/-/idb-7.1.1.tgz",
			"integrity": "sha512-gchesWBzyvGHRO9W8tzUWFDycow5gwjvFKfyV9FF32Y7F50yZMp7mP+T2mJIWFx49zicqyC4uefHM17o6xKIVQ=="
		},
		"invariant": {
			"version": "2.2.4",
			"resolved": "https://registry.npmjs.org/invariant/-/invariant-2.2.4.tgz",
			"integrity": "sha512-phJfQVBuaJM5raOpJjSfkiD6BpbCE4Ns//LaXl6wGYtUBY83nWS6Rf9tXm2e8VaK60JEjYldbPif/A2B1C2gNA==",
			"requires": {
				"loose-envify": "^1.0.0"
			}
		},
		"is-plain-object": {
			"version": "5.0.0",
			"resolved": "https://registry.npmjs.org/is-plain-object/-/is-plain-object-5.0.0.tgz",
			"integrity": "sha512-VRSzKkbMm5jMDoKLbltAkFQ5Qr7VDiTFGXxYFXXowVj387GeGNOCsOH6Msy00SGZ3Fp84b1Naa1psqgcCIEP5Q=="
		},
		"js-tokens": {
			"version": "4.0.0",
			"resolved": "https://registry.npmjs.org/js-tokens/-/js-tokens-4.0.0.tgz",
			"integrity": "sha512-RdJUflcE3cUzKiMqQgsCu06FPu9UdIJO0beYbPhHN4k6apgJtifcoCtT9bcxOpYBtpD2kCM6Sbzg4CausW/PKQ=="
		},
		"lodash.isequal": {
			"version": "4.5.0",
			"resolved": "https://registry.npmjs.org/lodash.isequal/-/lodash.isequal-4.5.0.tgz",
			"integrity": "sha512-pDo3lu8Jhfjqls6GkMgpahsF9kCyayhgykjyLMNFTKWrpVdAQtYyB4muAMWozBB4ig/dtWAmsMxLEI8wuz+DYQ=="
		},
		"lodash.throttle": {
			"version": "4.1.1",
			"resolved": "https://registry.npmjs.org/lodash.throttle/-/lodash.throttle-4.1.1.tgz",
			"integrity": "sha512-wIkUCfVKpVsWo3JSZlc+8MB5it+2AN5W8J7YVMST30UrvcQNZ1Okbj+rbVniijTWE6FGYy4XJq/rHkas8qJMLQ=="
		},
		"lodash.uniq": {
			"version": "4.5.0",
			"resolved": "https://registry.npmjs.org/lodash.uniq/-/lodash.uniq-4.5.0.tgz",
			"integrity": "sha512-xfBaXQd9ryd9dlSDvnvI0lvxfLJlYAZzXomUYzLKtUeOQvOP5piqAWuGtrhWeqaXK9hhoM/iyJc5AV+XfsX3HQ=="
		},
		"loose-envify": {
			"version": "1.4.0",
			"resolved": "https://registry.npmjs.org/loose-envify/-/loose-envify-1.4.0.tgz",
			"integrity": "sha512-lyuxPGr/Wfhrlem2CL/UcnUc1zcqKAImBDzukY7Y5F/yQiNdko6+fRLevlw1HgMySw7f611UIY408EtxRSoK3Q==",
			"requires": {
				"js-tokens": "^3.0.0 || ^4.0.0"
			}
		},
		"lz-string": {
			"version": "1.5.0",
			"resolved": "https://registry.npmjs.org/lz-string/-/lz-string-1.5.0.tgz",
			"integrity": "sha512-h5bgJWpxJNswbU7qCrV0tIKQCaS3blPDrqKWx+QxzuzL1zGUzij9XCWLrSLsJPu5t+eWA/ycetzYAO5IOMcWAQ=="
		},
		"nanoid": {
			"version": "4.0.2",
			"resolved": "https://registry.npmjs.org/nanoid/-/nanoid-4.0.2.tgz",
			"integrity": "sha512-7ZtY5KTCNheRGfEFxnedV5zFiORN1+Y1N6zvPTnHQd8ENUvfaDBeuJDZb2bN/oXwXxu3qkTXDzy57W5vAmDTBw=="
		},
		"react-remove-scroll": {
			"version": "2.5.5",
			"resolved": "https://registry.npmjs.org/react-remove-scroll/-/react-remove-scroll-2.5.5.tgz",
			"integrity": "sha512-ImKhrzJJsyXJfBZ4bzu8Bwpka14c/fQt0k+cyFp/PBhTfyDnU5hjOtM4AG/0AMyy8oKzOTR0lDgJIM7pYXI0kw==",
			"requires": {
				"react-remove-scroll-bar": "^2.3.3",
				"react-style-singleton": "^2.2.1",
				"tslib": "^2.1.0",
				"use-callback-ref": "^1.3.0",
				"use-sidecar": "^1.1.2"
			}
		},
		"react-remove-scroll-bar": {
			"version": "2.3.4",
			"resolved": "https://registry.npmjs.org/react-remove-scroll-bar/-/react-remove-scroll-bar-2.3.4.tgz",
			"integrity": "sha512-63C4YQBUt0m6ALadE9XV56hV8BgJWDmmTPY758iIJjfQKt2nYwoUrPk0LXRXcB/yIj82T1/Ixfdpdk68LwIB0A==",
			"requires": {
				"react-style-singleton": "^2.2.1",
				"tslib": "^2.0.0"
			}
		},
		"react-style-singleton": {
			"version": "2.2.1",
			"resolved": "https://registry.npmjs.org/react-style-singleton/-/react-style-singleton-2.2.1.tgz",
			"integrity": "sha512-ZWj0fHEMyWkHzKYUr2Bs/4zU6XLmq9HsgBURm7g5pAVfyn49DgUiNgY2d4lXRlYSiCif9YBGpQleewkcqddc7g==",
			"requires": {
				"get-nonce": "^1.0.0",
				"invariant": "^2.2.4",
				"tslib": "^2.0.0"
			}
		},
		"regenerator-runtime": {
			"version": "0.13.11",
			"resolved": "https://registry.npmjs.org/regenerator-runtime/-/regenerator-runtime-0.13.11.tgz",
			"integrity": "sha512-kY1AZVr2Ra+t+piVaJ4gxaFaReZVH40AKNo7UCX6W+dEwBo/2oZJzqfuN1qLq1oL45o56cPaTXELwrTh8Fpggg=="
		},
		"tslib": {
			"version": "2.6.0",
			"resolved": "https://registry.npmjs.org/tslib/-/tslib-2.6.0.tgz",
			"integrity": "sha512-7At1WUettjcSRHXCyYtTselblcHl9PJFFVKiCAy/bY97+BPZXSQ2wbq0P9s8tK2G7dFQfNnlJnPAiArVBVBsfA=="
		},
		"use-callback-ref": {
			"version": "1.3.0",
			"resolved": "https://registry.npmjs.org/use-callback-ref/-/use-callback-ref-1.3.0.tgz",
			"integrity": "sha512-3FT9PRuRdbB9HfXhEq35u4oZkvpJ5kuYbpqhCfmiZyReuRgpnhDlbr2ZEnnuS0RrJAPn6l23xjFg9kpDM+Ms7w==",
			"requires": {
				"tslib": "^2.0.0"
			}
		},
		"use-isomorphic-layout-effect": {
			"version": "1.1.2",
			"resolved": "https://registry.npmjs.org/use-isomorphic-layout-effect/-/use-isomorphic-layout-effect-1.1.2.tgz",
			"integrity": "sha512-49L8yCO3iGT/ZF9QttjwLF/ZD9Iwto5LnH5LmEdk/6cFmXddqi2ulF0edxTwjj+7mqvpVVGQWvbXZdn32wRSHA=="
		},
		"use-sidecar": {
			"version": "1.1.2",
			"resolved": "https://registry.npmjs.org/use-sidecar/-/use-sidecar-1.1.2.tgz",
			"integrity": "sha512-epTbsLuzZ7lPClpz2TyryBfztm7m+28DlEv2ZCQ3MDr5ssiwyOwGH/e5F9CkfWjJ1t4clvI58yF822/GUkjjhw==",
			"requires": {
				"detect-node-es": "^1.1.0",
				"tslib": "^2.0.0"
			}
		}
	}
}
