# THIS IS AN AUTOGENERATED FILE. DO NOT EDIT THIS FILE DIRECTLY.
# yarn lockfile v1


esbuild@^0.8.7:
  version "0.8.34"
  resolved "https://registry.yarnpkg.com/esbuild/-/esbuild-0.8.34.tgz#16b4ac58f74c821d2c5a8c2f0585ca96a38ab4e6"
  integrity sha512-tnr0V1ooakYr1aRLXQLzCn2GVG1kBTW3FWpRyC+NgrR3ntsouVpJOlTOV0BS4YLATx3/c+x3h/uBq9lWJlUAtQ==

fsevents@^2.2.0:
  version "2.3.1"
  resolved "https://registry.yarnpkg.com/fsevents/-/fsevents-2.3.1.tgz#b209ab14c61012636c8863507edf7fb68cc54e9f"
  integrity sha512-YR47Eg4hChJGAB1O3yEAOkGO+rlzutoICGqGo9EZ4lKWokzZRSyIW1QmTzqjtw8MJdj9srP869CuWw/hyzSiBw==

fsevents@~2.1.2:
  version "2.1.3"
  resolved "https://registry.yarnpkg.com/fsevents/-/fsevents-2.1.3.tgz#fb738703ae8d2f9fe900c33836ddebee8b97f23e"
  integrity sha512-Auw9a4AxqWpa9GUfj370BMPzzyncfBABW8Mab7BGWBYDj4Isgq+cDKtx0i6u9jcX9pQDnswsaaOTgTmA5pEjuQ==

is-docker@^2.0.0:
  version "2.1.1"
  resolved "https://registry.yarnpkg.com/is-docker/-/is-docker-2.1.1.tgz#4125a88e44e450d384e09047ede71adc2d144156"
  integrity sha512-ZOoqiXfEwtGknTiuDEy8pN2CfE3TxMHprvNer1mXiqwkOT77Rw3YVrUQ52EqAOU3QAWDQ+bQdx7HJzrv7LS2Hw==

is-wsl@^2.1.1:
  version "2.2.0"
  resolved "https://registry.yarnpkg.com/is-wsl/-/is-wsl-2.2.0.tgz#74a4c76e77ca9fd3f932f290c17ea326cd157271"
  integrity sha512-fKzAra0rGJUUBwGBgNkHZuToZcn+TtXHpeCgmkMJMMYx1sQDYaCSyjJBSCa2nH1DGm7s3n1oBnohoVTBaN7Lww==
  dependencies:
    is-docker "^2.0.0"

"js-tokens@^3.0.0 || ^4.0.0":
  version "4.0.0"
  resolved "https://registry.yarnpkg.com/js-tokens/-/js-tokens-4.0.0.tgz#19203fb59991df98e3a287050d4647cdeaf32499"
  integrity sha512-RdJUflcE3cUzKiMqQgsCu06FPu9UdIJO0beYbPhHN4k6apgJtifcoCtT9bcxOpYBtpD2kCM6Sbzg4CausW/PKQ==

loose-envify@^1.1.0:
  version "1.4.0"
  resolved "https://registry.yarnpkg.com/loose-envify/-/loose-envify-1.4.0.tgz#71ee51fa7be4caec1a63839f7e682d8132d30caf"
  integrity sha512-lyuxPGr/Wfhrlem2CL/UcnUc1zcqKAImBDzukY7Y5F/yQiNdko6+fRLevlw1HgMySw7f611UIY408EtxRSoK3Q==
  dependencies:
    js-tokens "^3.0.0 || ^4.0.0"

object-assign@^4.1.1:
  version "4.1.1"
  resolved "https://registry.yarnpkg.com/object-assign/-/object-assign-4.1.1.tgz#2109adc7965887cfc05cbbd442cac8bfbb360863"
  integrity sha1-IQmtx5ZYh8/AXLvUQsrIv7s2CGM=

open@^7.0.4:
  version "7.3.1"
  resolved "https://registry.yarnpkg.com/open/-/open-7.3.1.tgz#111119cb919ca1acd988f49685c4fdd0f4755356"
  integrity sha512-f2wt9DCBKKjlFbjzGb8MOAW8LH8F0mrs1zc7KTjAJ9PZNQbfenzWbNP1VZJvw6ICMG9r14Ah6yfwPn7T7i646A==
  dependencies:
    is-docker "^2.0.0"
    is-wsl "^2.1.1"

react-dom@^17.0.1:
  version "17.0.1"
  resolved "https://registry.yarnpkg.com/react-dom/-/react-dom-17.0.1.tgz#1de2560474ec9f0e334285662ede52dbc5426fc6"
  integrity sha512-6eV150oJZ9U2t9svnsspTMrWNyHc6chX0KzDeAOXftRa8bNeOKTTfCJ7KorIwenkHd2xqVTBTCZd79yk/lx/Ug==
  dependencies:
    loose-envify "^1.1.0"
    object-assign "^4.1.1"
    scheduler "^0.20.1"

react@^17.0.1:
  version "17.0.1"
  resolved "https://registry.yarnpkg.com/react/-/react-17.0.1.tgz#6e0600416bd57574e3f86d92edba3d9008726127"
  integrity sha512-lG9c9UuMHdcAexXtigOZLX8exLWkW0Ku29qPRU8uhF2R9BN96dLCt0psvzPLlHc5OWkgymP3qwTRgbnw5BKx3w==
  dependencies:
    loose-envify "^1.1.0"
    object-assign "^4.1.1"

rollup@^2.34.0:
  version "2.38.0"
  resolved "https://registry.yarnpkg.com/rollup/-/rollup-2.38.0.tgz#57942d5a10826cb12ed1f19c261f774efa502d2d"
  integrity sha512-ay9zDiNitZK/LNE/EM2+v5CZ7drkB2xyDljvb1fQJCGnq43ZWRkhxN145oV8GmoW1YNi4sA/1Jdkr2LfawJoXw==
  optionalDependencies:
    fsevents "~2.1.2"

scheduler@^0.20.1:
  version "0.20.1"
  resolved "https://registry.yarnpkg.com/scheduler/-/scheduler-0.20.1.tgz#da0b907e24026b01181ecbc75efdc7f27b5a000c"
  integrity sha512-LKTe+2xNJBNxu/QhHvDR14wUXHRQbVY5ZOYpOGWRzhydZUqrLb2JBvLPY7cAqFmqrWuDED0Mjk7013SZiOz6Bw==
  dependencies:
    loose-envify "^1.1.0"
    object-assign "^4.1.1"

snowpack@^3.0.1:
  version "3.0.11"
  resolved "https://registry.yarnpkg.com/snowpack/-/snowpack-3.0.11.tgz#95f69f95367116e3a9bb5112d090d6328f2d3a28"
  integrity sha512-lBxgkvWTgdg0szE31JUt01wQkA9Lnmm+6lxqeV9rxDfflpx7ASnldVHFvu7Se70QJmPTQB0UJjfKI+xmYGwiiQ==
  dependencies:
    esbuild "^0.8.7"
    open "^7.0.4"
    rollup "^2.34.0"
  optionalDependencies:
    fsevents "^2.2.0"
